{
  "name": "dywmd",
  "version": "0.0.1",
  "lockfileVersion": 3,
  "requires": true,
  "packages": {
    "": {
      "name": "dywmd",
      "version": "0.0.1",
      "dependencies": {
        "dywmd": "file:"
      },
      "engines": {
        "vscode": "^1.91.1"
      }
    },
    "node_modules/dywmd": {
      "resolved": "",
      "link": true
    }
  }
}
